
Microsoft Visual Studio Solution File, Format Version 12.00
# Visual Studio 15
VisualStudioVersion = 15.0.26403.0
MinimumVisualStudioVersion = 10.0.40219.1
Project("{FAE04EC0-301F-11D3-BF4B-00C04F79EFBC}") = "EjemploGrillas", "EjemploGrillas\EjemploGrillas.csproj", "{F9DB645F-8F47-452E-ADFE-ADBE21EA07FE}"
EndProject
Project("{FAE04EC0-301F-11D3-BF4B-00C04F79EFBC}") = "Logica", "Logica\Logica.csproj", "{FAEED5D5-80E3-4495-AD4D-CCE9A9A0CA4B}"
EndProject
Global
	GlobalSection(SolutionConfigurationPlatforms) = preSolution
		Debug|Any CPU = Debug|Any CPU
		Release|Any CPU = Release|Any CPU
	EndGlobalSection
	GlobalSection(ProjectConfigurationPlatforms) = postSolution
		{F9DB645F-8F47-452E-ADFE-ADBE21EA07FE}.Debug|Any CPU.ActiveCfg = Debug|Any CPU
		{F9DB645F-8F47-452E-ADFE-ADBE21EA07FE}.Debug|Any CPU.Build.0 = Debug|Any CPU
		{F9DB645F-8F47-452E-ADFE-ADBE21EA07FE}.Release|Any CPU.ActiveCfg = Release|Any CPU
		{F9DB645F-8F47-452E-ADFE-ADBE21EA07FE}.Release|Any CPU.Build.0 = Release|Any CPU
		{FAEED5D5-80E3-4495-AD4D-CCE9A9A0CA4B}.Debug|Any CPU.ActiveCfg = Debug|Any CPU
		{FAEED5D5-80E3-4495-AD4D-CCE9A9A0CA4B}.Debug|Any CPU.Build.0 = Debug|Any CPU
		{FAEED5D5-80E3-4495-AD4D-CCE9A9A0CA4B}.Release|Any CPU.ActiveCfg = Release|Any CPU
		{FAEED5D5-80E3-4495-AD4D-CCE9A9A0CA4B}.Release|Any CPU.Build.0 = Release|Any CPU
	EndGlobalSection
	GlobalSection(SolutionProperties) = preSolution
		HideSolutionNode = FALSE
	EndGlobalSection
EndGlobal
